Microsoft Visual Studio Solution File, Format Version 12.00
# Visual Studio 14
VisualStudioVersion = 14.0.25420.1
MinimumVisualStudioVersion = 14.0.23107.0
Project("{2150E333-8FDC-42A3-9474-1A3956D46DE8}") = "JumpyJet", "JumpyJet", "{1BEF2A7F-41AE-4921-91D2-06338F611B8C}"
	ProjectSection(SiliconStudioPackage) = preProject
		JumpyJet/JumpyJet.xkpkg = JumpyJet/JumpyJet.xkpkg
	EndProjectSection
EndProject
Project("{FAE04EC0-301F-11D3-BF4B-00C04F79EFBC}") = "JumpyJet.Windows", "JumpyJet\JumpyJet.Windows\JumpyJet.Windows.csproj", "{CB257704-7E3A-4269-A216-5460FDA98EBD}"
EndProject
Project("{FAE04EC0-301F-11D3-BF4B-00C04F79EFBC}") = "JumpyJet.Game", "JumpyJet\JumpyJet.Game\JumpyJet.Game.csproj", "{45B5A41B-E0CC-4BF5-9E6C-B96FA4C76A48}"
EndProject
Project("{FAE04EC0-301F-11D3-BF4B-00C04F79EFBC}") = "JumpyJet.UWP", "JumpyJet\JumpyJet.UWP\JumpyJet.UWP.csproj", "{4A1EF34F-EFB5-41FB-8D6D-51A70F1DBCBB}"
EndProject
Project("{FAE04EC0-301F-11D3-BF4B-00C04F79EFBC}") = "JumpyJet.Android", "JumpyJet\JumpyJet.Android\JumpyJet.Android.csproj", "{FC94676A-723B-46E3-AFB5-7B89A6240E5A}"
EndProject
Project("{FAE04EC0-301F-11D3-BF4B-00C04F79EFBC}") = "JumpyJet.iOS", "JumpyJet\JumpyJet.iOS\JumpyJet.iOS.csproj", "{C59AB609-5B31-41E2-91FA-B7F0595D340A}"
EndProject
Global
	GlobalSection(SolutionConfigurationPlatforms) = preSolution
		AppStore|Android = AppStore|Android
		AppStore|Any CPU = AppStore|Any CPU
		AppStore|iPhone = AppStore|iPhone
		AppStore|iPhoneSimulator = AppStore|iPhoneSimulator
		AppStore|Mixed Platforms = AppStore|Mixed Platforms
		AppStore|UWP-ARM = AppStore|UWP-ARM
		AppStore|UWP-x64 = AppStore|UWP-x64
		AppStore|UWP-x86 = AppStore|UWP-x86
		AppStore|Windows = AppStore|Windows
		CoreCLR_Debug|Android = CoreCLR_Debug|Android
		CoreCLR_Debug|Any CPU = CoreCLR_Debug|Any CPU
		CoreCLR_Debug|iPhone = CoreCLR_Debug|iPhone
		CoreCLR_Debug|iPhoneSimulator = CoreCLR_Debug|iPhoneSimulator
		CoreCLR_Debug|Mixed Platforms = CoreCLR_Debug|Mixed Platforms
		CoreCLR_Debug|UWP-ARM = CoreCLR_Debug|UWP-ARM
		CoreCLR_Debug|UWP-x64 = CoreCLR_Debug|UWP-x64
		CoreCLR_Debug|UWP-x86 = CoreCLR_Debug|UWP-x86
		CoreCLR_Debug|Windows = CoreCLR_Debug|Windows
		CoreCLR_Release|Android = CoreCLR_Release|Android
		CoreCLR_Release|Any CPU = CoreCLR_Release|Any CPU
		CoreCLR_Release|iPhone = CoreCLR_Release|iPhone
		CoreCLR_Release|iPhoneSimulator = CoreCLR_Release|iPhoneSimulator
		CoreCLR_Release|Mixed Platforms = CoreCLR_Release|Mixed Platforms
		CoreCLR_Release|UWP-ARM = CoreCLR_Release|UWP-ARM
		CoreCLR_Release|UWP-x64 = CoreCLR_Release|UWP-x64
		CoreCLR_Release|UWP-x86 = CoreCLR_Release|UWP-x86
		CoreCLR_Release|Windows = CoreCLR_Release|Windows
		Debug|Android = Debug|Android
		Debug|Any CPU = Debug|Any CPU
		Debug|iPhone = Debug|iPhone
		Debug|iPhoneSimulator = Debug|iPhoneSimulator
		Debug|Mixed Platforms = Debug|Mixed Platforms
		Debug|UWP-ARM = Debug|UWP-ARM
		Debug|UWP-x64 = Debug|UWP-x64
		Debug|UWP-x86 = Debug|UWP-x86
		Debug|Windows = Debug|Windows
		Release|Android = Release|Android
		Release|Any CPU = Release|Any CPU
		Release|iPhone = Release|iPhone
		Release|iPhoneSimulator = Release|iPhoneSimulator
		Release|Mixed Platforms = Release|Mixed Platforms
		Release|UWP-ARM = Release|UWP-ARM
		Release|UWP-x64 = Release|UWP-x64
		Release|UWP-x86 = Release|UWP-x86
		Release|Windows = Release|Windows
		Testing|Android = Testing|Android
		Testing|Any CPU = Testing|Any CPU
		Testing|iPhone = Testing|iPhone
		Testing|iPhoneSimulator = Testing|iPhoneSimulator
		Testing|Mixed Platforms = Testing|Mixed Platforms
		Testing|UWP-ARM = Testing|UWP-ARM
		Testing|UWP-x64 = Testing|UWP-x64
		Testing|UWP-x86 = Testing|UWP-x86
		Testing|Windows = Testing|Windows
	EndGlobalSection
	GlobalSection(ProjectConfigurationPlatforms) = postSolution
		{CB257704-7E3A-4269-A216-5460FDA98EBD}.AppStore|Android.ActiveCfg = AppStore|Any CPU
		{CB257704-7E3A-4269-A216-5460FDA98EBD}.AppStore|Any CPU.ActiveCfg = AppStore|Any CPU
		{CB257704-7E3A-4269-A216-5460FDA98EBD}.AppStore|Any CPU.Build.0 = AppStore|Any CPU
		{CB257704-7E3A-4269-A216-5460FDA98EBD}.AppStore|Any CPU.Deploy.0 = AppStore|Any CPU
		{CB257704-7E3A-4269-A216-5460FDA98EBD}.AppStore|iPhone.ActiveCfg = AppStore|Any CPU
		{CB257704-7E3A-4269-A216-5460FDA98EBD}.AppStore|iPhoneSimulator.ActiveCfg = AppStore|Any CPU
		{CB257704-7E3A-4269-A216-5460FDA98EBD}.AppStore|Mixed Platforms.ActiveCfg = AppStore|Any CPU
		{CB257704-7E3A-4269-A216-5460FDA98EBD}.AppStore|Mixed Platforms.Build.0 = AppStore|Any CPU
		{CB257704-7E3A-4269-A216-5460FDA98EBD}.AppStore|Mixed Platforms.Deploy.0 = AppStore|Any CPU
		{CB257704-7E3A-4269-A216-5460FDA98EBD}.AppStore|UWP-ARM.ActiveCfg = AppStore|Any CPU
		{CB257704-7E3A-4269-A216-5460FDA98EBD}.AppStore|UWP-x64.ActiveCfg = AppStore|Any CPU
		{CB257704-7E3A-4269-A216-5460FDA98EBD}.AppStore|UWP-x86.ActiveCfg = AppStore|Any CPU
		{CB257704-7E3A-4269-A216-5460FDA98EBD}.AppStore|Windows.ActiveCfg = AppStore|Any CPU
		{CB257704-7E3A-4269-A216-5460FDA98EBD}.AppStore|Windows.Build.0 = AppStore|Any CPU
		{CB257704-7E3A-4269-A216-5460FDA98EBD}.AppStore|Windows.Deploy.0 = AppStore|Any CPU
		{CB257704-7E3A-4269-A216-5460FDA98EBD}.CoreCLR_Debug|Android.ActiveCfg = CoreCLR_Debug|Any CPU
		{CB257704-7E3A-4269-A216-5460FDA98EBD}.CoreCLR_Debug|Any CPU.ActiveCfg = CoreCLR_Debug|Any CPU
		{CB257704-7E3A-4269-A216-5460FDA98EBD}.CoreCLR_Debug|Any CPU.Build.0 = CoreCLR_Debug|Any CPU
		{CB257704-7E3A-4269-A216-5460FDA98EBD}.CoreCLR_Debug|Any CPU.Deploy.0 = CoreCLR_Debug|Any CPU
		{CB257704-7E3A-4269-A216-5460FDA98EBD}.CoreCLR_Debug|iPhone.ActiveCfg = CoreCLR_Debug|Any CPU
		{CB257704-7E3A-4269-A216-5460FDA98EBD}.CoreCLR_Debug|iPhoneSimulator.ActiveCfg = CoreCLR_Debug|Any CPU
		{CB257704-7E3A-4269-A216-5460FDA98EBD}.CoreCLR_Debug|Mixed Platforms.ActiveCfg = CoreCLR_Debug|Any CPU
		{CB257704-7E3A-4269-A216-5460FDA98EBD}.CoreCLR_Debug|Mixed Platforms.Build.0 = CoreCLR_Debug|Any CPU
		{CB257704-7E3A-4269-A216-5460FDA98EBD}.CoreCLR_Debug|Mixed Platforms.Deploy.0 = CoreCLR_Debug|Any CPU
		{CB257704-7E3A-4269-A216-5460FDA98EBD}.CoreCLR_Debug|UWP-ARM.ActiveCfg = CoreCLR_Debug|Any CPU
		{CB257704-7E3A-4269-A216-5460FDA98EBD}.CoreCLR_Debug|UWP-x64.ActiveCfg = CoreCLR_Debug|Any CPU
		{CB257704-7E3A-4269-A216-5460FDA98EBD}.CoreCLR_Debug|UWP-x86.ActiveCfg = CoreCLR_Debug|Any CPU
		{CB257704-7E3A-4269-A216-5460FDA98EBD}.CoreCLR_Debug|Windows.ActiveCfg = CoreCLR_Debug|Any CPU
		{CB257704-7E3A-4269-A216-5460FDA98EBD}.CoreCLR_Debug|Windows.Build.0 = CoreCLR_Debug|Any CPU
		{CB257704-7E3A-4269-A216-5460FDA98EBD}.CoreCLR_Debug|Windows.Deploy.0 = CoreCLR_Debug|Any CPU
		{CB257704-7E3A-4269-A216-5460FDA98EBD}.CoreCLR_Release|Android.ActiveCfg = CoreCLR_Release|Any CPU
		{CB257704-7E3A-4269-A216-5460FDA98EBD}.CoreCLR_Release|Any CPU.ActiveCfg = CoreCLR_Release|Any CPU
		{CB257704-7E3A-4269-A216-5460FDA98EBD}.CoreCLR_Release|Any CPU.Build.0 = CoreCLR_Release|Any CPU
		{CB257704-7E3A-4269-A216-5460FDA98EBD}.CoreCLR_Release|Any CPU.Deploy.0 = CoreCLR_Release|Any CPU
		{CB257704-7E3A-4269-A216-5460FDA98EBD}.CoreCLR_Release|iPhone.ActiveCfg = CoreCLR_Release|Any CPU
		{CB257704-7E3A-4269-A216-5460FDA98EBD}.CoreCLR_Release|iPhoneSimulator.ActiveCfg = CoreCLR_Release|Any CPU
		{CB257704-7E3A-4269-A216-5460FDA98EBD}.CoreCLR_Release|Mixed Platforms.ActiveCfg = CoreCLR_Release|Any CPU
		{CB257704-7E3A-4269-A216-5460FDA98EBD}.CoreCLR_Release|Mixed Platforms.Build.0 = CoreCLR_Release|Any CPU
		{CB257704-7E3A-4269-A216-5460FDA98EBD}.CoreCLR_Release|Mixed Platforms.Deploy.0 = CoreCLR_Release|Any CPU
		{CB257704-7E3A-4269-A216-5460FDA98EBD}.CoreCLR_Release|UWP-ARM.ActiveCfg = CoreCLR_Release|Any CPU
		{CB257704-7E3A-4269-A216-5460FDA98EBD}.CoreCLR_Release|UWP-x64.ActiveCfg = CoreCLR_Release|Any CPU
		{CB257704-7E3A-4269-A216-5460FDA98EBD}.CoreCLR_Release|UWP-x86.ActiveCfg = CoreCLR_Release|Any CPU
		{CB257704-7E3A-4269-A216-5460FDA98EBD}.CoreCLR_Release|Windows.ActiveCfg = CoreCLR_Release|Any CPU
		{CB257704-7E3A-4269-A216-5460FDA98EBD}.CoreCLR_Release|Windows.Build.0 = CoreCLR_Release|Any CPU
		{CB257704-7E3A-4269-A216-5460FDA98EBD}.CoreCLR_Release|Windows.Deploy.0 = CoreCLR_Release|Any CPU
		{CB257704-7E3A-4269-A216-5460FDA98EBD}.Debug|Android.ActiveCfg = Debug|Any CPU
		{CB257704-7E3A-4269-A216-5460FDA98EBD}.Debug|Any CPU.ActiveCfg = Debug|Any CPU
		{CB257704-7E3A-4269-A216-5460FDA98EBD}.Debug|Any CPU.Build.0 = Debug|Any CPU
		{CB257704-7E3A-4269-A216-5460FDA98EBD}.Debug|Any CPU.Deploy.0 = Debug|Any CPU
		{CB257704-7E3A-4269-A216-5460FDA98EBD}.Debug|iPhone.ActiveCfg = Debug|Any CPU
		{CB257704-7E3A-4269-A216-5460FDA98EBD}.Debug|iPhoneSimulator.ActiveCfg = Debug|Any CPU
		{CB257704-7E3A-4269-A216-5460FDA98EBD}.Debug|Mixed Platforms.ActiveCfg = Debug|Any CPU
		{CB257704-7E3A-4269-A216-5460FDA98EBD}.Debug|Mixed Platforms.Build.0 = Debug|Any CPU
		{CB257704-7E3A-4269-A216-5460FDA98EBD}.Debug|Mixed Platforms.Deploy.0 = Debug|Any CPU
		{CB257704-7E3A-4269-A216-5460FDA98EBD}.Debug|UWP-ARM.ActiveCfg = Debug|Any CPU
		{CB257704-7E3A-4269-A216-5460FDA98EBD}.Debug|UWP-x64.ActiveCfg = Debug|Any CPU
		{CB257704-7E3A-4269-A216-5460FDA98EBD}.Debug|UWP-x86.ActiveCfg = Debug|Any CPU
		{CB257704-7E3A-4269-A216-5460FDA98EBD}.Debug|Windows.ActiveCfg = Debug|Any CPU
		{CB257704-7E3A-4269-A216-5460FDA98EBD}.Debug|Windows.Build.0 = Debug|Any CPU
		{CB257704-7E3A-4269-A216-5460FDA98EBD}.Debug|Windows.Deploy.0 = Debug|Any CPU
		{CB257704-7E3A-4269-A216-5460FDA98EBD}.Release|Android.ActiveCfg = Release|Any CPU
		{CB257704-7E3A-4269-A216-5460FDA98EBD}.Release|Any CPU.ActiveCfg = Release|Any CPU
		{CB257704-7E3A-4269-A216-5460FDA98EBD}.Release|Any CPU.Build.0 = Release|Any CPU
		{CB257704-7E3A-4269-A216-5460FDA98EBD}.Release|Any CPU.Deploy.0 = Release|Any CPU
		{CB257704-7E3A-4269-A216-5460FDA98EBD}.Release|iPhone.ActiveCfg = Release|Any CPU
		{CB257704-7E3A-4269-A216-5460FDA98EBD}.Release|iPhoneSimulator.ActiveCfg = Release|Any CPU
		{CB257704-7E3A-4269-A216-5460FDA98EBD}.Release|Mixed Platforms.ActiveCfg = Release|Any CPU
		{CB257704-7E3A-4269-A216-5460FDA98EBD}.Release|Mixed Platforms.Build.0 = Release|Any CPU
		{CB257704-7E3A-4269-A216-5460FDA98EBD}.Release|Mixed Platforms.Deploy.0 = Release|Any CPU
		{CB257704-7E3A-4269-A216-5460FDA98EBD}.Release|UWP-ARM.ActiveCfg = Release|Any CPU
		{CB257704-7E3A-4269-A216-5460FDA98EBD}.Release|UWP-x64.ActiveCfg = Release|Any CPU
		{CB257704-7E3A-4269-A216-5460FDA98EBD}.Release|UWP-x86.ActiveCfg = Release|Any CPU
		{CB257704-7E3A-4269-A216-5460FDA98EBD}.Release|Windows.ActiveCfg = Release|Any CPU
		{CB257704-7E3A-4269-A216-5460FDA98EBD}.Release|Windows.Build.0 = Release|Any CPU
		{CB257704-7E3A-4269-A216-5460FDA98EBD}.Release|Windows.Deploy.0 = Release|Any CPU
		{CB257704-7E3A-4269-A216-5460FDA98EBD}.Testing|Android.ActiveCfg = Testing|Any CPU
		{CB257704-7E3A-4269-A216-5460FDA98EBD}.Testing|Any CPU.ActiveCfg = Testing|Any CPU
		{CB257704-7E3A-4269-A216-5460FDA98EBD}.Testing|Any CPU.Build.0 = Testing|Any CPU
		{CB257704-7E3A-4269-A216-5460FDA98EBD}.Testing|Any CPU.Deploy.0 = Testing|Any CPU
		{CB257704-7E3A-4269-A216-5460FDA98EBD}.Testing|iPhone.ActiveCfg = Testing|Any CPU
		{CB257704-7E3A-4269-A216-5460FDA98EBD}.Testing|iPhoneSimulator.ActiveCfg = Testing|Any CPU
		{CB257704-7E3A-4269-A216-5460FDA98EBD}.Testing|Mixed Platforms.ActiveCfg = Testing|Any CPU
		{CB257704-7E3A-4269-A216-5460FDA98EBD}.Testing|Mixed Platforms.Build.0 = Testing|Any CPU
		{CB257704-7E3A-4269-A216-5460FDA98EBD}.Testing|Mixed Platforms.Deploy.0 = Testing|Any CPU
		{CB257704-7E3A-4269-A216-5460FDA98EBD}.Testing|UWP-ARM.ActiveCfg = Testing|Any CPU
		{CB257704-7E3A-4269-A216-5460FDA98EBD}.Testing|UWP-x64.ActiveCfg = Testing|Any CPU
		{CB257704-7E3A-4269-A216-5460FDA98EBD}.Testing|UWP-x86.ActiveCfg = Testing|Any CPU
		{CB257704-7E3A-4269-A216-5460FDA98EBD}.Testing|Windows.ActiveCfg = Testing|Any CPU
		{CB257704-7E3A-4269-A216-5460FDA98EBD}.Testing|Windows.Build.0 = Testing|Any CPU
		{CB257704-7E3A-4269-A216-5460FDA98EBD}.Testing|Windows.Deploy.0 = Testing|Any CPU
		{45B5A41B-E0CC-4BF5-9E6C-B96FA4C76A48}.AppStore|Android.ActiveCfg = AppStore|Android
		{45B5A41B-E0CC-4BF5-9E6C-B96FA4C76A48}.AppStore|Android.Build.0 = AppStore|Android
		{45B5A41B-E0CC-4BF5-9E6C-B96FA4C76A48}.AppStore|Any CPU.ActiveCfg = AppStore|Any CPU
		{45B5A41B-E0CC-4BF5-9E6C-B96FA4C76A48}.AppStore|Any CPU.Build.0 = AppStore|Any CPU
		{45B5A41B-E0CC-4BF5-9E6C-B96FA4C76A48}.AppStore|iPhone.ActiveCfg = AppStore|iPhone
		{45B5A41B-E0CC-4BF5-9E6C-B96FA4C76A48}.AppStore|iPhone.Build.0 = AppStore|iPhone
		{45B5A41B-E0CC-4BF5-9E6C-B96FA4C76A48}.AppStore|iPhoneSimulator.ActiveCfg = AppStore|iPhoneSimulator
		{45B5A41B-E0CC-4BF5-9E6C-B96FA4C76A48}.AppStore|iPhoneSimulator.Build.0 = AppStore|iPhoneSimulator
		{45B5A41B-E0CC-4BF5-9E6C-B96FA4C76A48}.AppStore|Mixed Platforms.ActiveCfg = AppStore|Any CPU
		{45B5A41B-E0CC-4BF5-9E6C-B96FA4C76A48}.AppStore|Mixed Platforms.Build.0 = AppStore|Any CPU
		{45B5A41B-E0CC-4BF5-9E6C-B96FA4C76A48}.AppStore|UWP-ARM.ActiveCfg = AppStore|UWP
		{45B5A41B-E0CC-4BF5-9E6C-B96FA4C76A48}.AppStore|UWP-ARM.Build.0 = AppStore|UWP
		{45B5A41B-E0CC-4BF5-9E6C-B96FA4C76A48}.AppStore|UWP-x64.ActiveCfg = AppStore|UWP
		{45B5A41B-E0CC-4BF5-9E6C-B96FA4C76A48}.AppStore|UWP-x64.Build.0 = AppStore|UWP
		{45B5A41B-E0CC-4BF5-9E6C-B96FA4C76A48}.AppStore|UWP-x86.ActiveCfg = AppStore|UWP
		{45B5A41B-E0CC-4BF5-9E6C-B96FA4C76A48}.AppStore|UWP-x86.Build.0 = AppStore|UWP
		{45B5A41B-E0CC-4BF5-9E6C-B96FA4C76A48}.AppStore|Windows.ActiveCfg = AppStore|Any CPU
		{45B5A41B-E0CC-4BF5-9E6C-B96FA4C76A48}.AppStore|Windows.Build.0 = AppStore|Any CPU
		{45B5A41B-E0CC-4BF5-9E6C-B96FA4C76A48}.CoreCLR_Debug|Android.ActiveCfg = Debug|Android
		{45B5A41B-E0CC-4BF5-9E6C-B96FA4C76A48}.CoreCLR_Debug|Any CPU.ActiveCfg = CoreCLR_Debug|Any CPU
		{45B5A41B-E0CC-4BF5-9E6C-B96FA4C76A48}.CoreCLR_Debug|Any CPU.Build.0 = CoreCLR_Debug|Any CPU
		{45B5A41B-E0CC-4BF5-9E6C-B96FA4C76A48}.CoreCLR_Debug|iPhone.ActiveCfg = Debug|iPhone
		{45B5A41B-E0CC-4BF5-9E6C-B96FA4C76A48}.CoreCLR_Debug|iPhoneSimulator.ActiveCfg = Debug|iPhoneSimulator
		{45B5A41B-E0CC-4BF5-9E6C-B96FA4C76A48}.CoreCLR_Debug|Mixed Platforms.ActiveCfg = CoreCLR_Debug|Any CPU
		{45B5A41B-E0CC-4BF5-9E6C-B96FA4C76A48}.CoreCLR_Debug|Mixed Platforms.Build.0 = CoreCLR_Debug|Any CPU
		{45B5A41B-E0CC-4BF5-9E6C-B96FA4C76A48}.CoreCLR_Debug|UWP-ARM.ActiveCfg = Debug|UWP
		{45B5A41B-E0CC-4BF5-9E6C-B96FA4C76A48}.CoreCLR_Debug|UWP-x64.ActiveCfg = Debug|UWP
		{45B5A41B-E0CC-4BF5-9E6C-B96FA4C76A48}.CoreCLR_Debug|UWP-x86.ActiveCfg = Debug|UWP
		{45B5A41B-E0CC-4BF5-9E6C-B96FA4C76A48}.CoreCLR_Debug|Windows.ActiveCfg = CoreCLR_Debug|Any CPU
		{45B5A41B-E0CC-4BF5-9E6C-B96FA4C76A48}.CoreCLR_Debug|Windows.Build.0 = CoreCLR_Debug|Any CPU
		{45B5A41B-E0CC-4BF5-9E6C-B96FA4C76A48}.CoreCLR_Release|Android.ActiveCfg = Debug|Android
		{45B5A41B-E0CC-4BF5-9E6C-B96FA4C76A48}.CoreCLR_Release|Any CPU.ActiveCfg = CoreCLR_Release|Any CPU
		{45B5A41B-E0CC-4BF5-9E6C-B96FA4C76A48}.CoreCLR_Release|Any CPU.Build.0 = CoreCLR_Release|Any CPU
		{45B5A41B-E0CC-4BF5-9E6C-B96FA4C76A48}.CoreCLR_Release|iPhone.ActiveCfg = Debug|iPhone
		{45B5A41B-E0CC-4BF5-9E6C-B96FA4C76A48}.CoreCLR_Release|iPhoneSimulator.ActiveCfg = Debug|iPhoneSimulator
		{45B5A41B-E0CC-4BF5-9E6C-B96FA4C76A48}.CoreCLR_Release|Mixed Platforms.ActiveCfg = CoreCLR_Release|Any CPU
		{45B5A41B-E0CC-4BF5-9E6C-B96FA4C76A48}.CoreCLR_Release|Mixed Platforms.Build.0 = CoreCLR_Release|Any CPU
		{45B5A41B-E0CC-4BF5-9E6C-B96FA4C76A48}.CoreCLR_Release|UWP-ARM.ActiveCfg = Debug|UWP
		{45B5A41B-E0CC-4BF5-9E6C-B96FA4C76A48}.CoreCLR_Release|UWP-x64.ActiveCfg = Debug|UWP
		{45B5A41B-E0CC-4BF5-9E6C-B96FA4C76A48}.CoreCLR_Release|UWP-x86.ActiveCfg = Debug|UWP
		{45B5A41B-E0CC-4BF5-9E6C-B96FA4C76A48}.CoreCLR_Release|Windows.ActiveCfg = CoreCLR_Release|Any CPU
		{45B5A41B-E0CC-4BF5-9E6C-B96FA4C76A48}.CoreCLR_Release|Windows.Build.0 = CoreCLR_Release|Any CPU
		{45B5A41B-E0CC-4BF5-9E6C-B96FA4C76A48}.Debug|Android.ActiveCfg = Debug|Android
		{45B5A41B-E0CC-4BF5-9E6C-B96FA4C76A48}.Debug|Android.Build.0 = Debug|Android
		{45B5A41B-E0CC-4BF5-9E6C-B96FA4C76A48}.Debug|Any CPU.ActiveCfg = Debug|Any CPU
		{45B5A41B-E0CC-4BF5-9E6C-B96FA4C76A48}.Debug|Any CPU.Build.0 = Debug|Any CPU
		{45B5A41B-E0CC-4BF5-9E6C-B96FA4C76A48}.Debug|iPhone.ActiveCfg = Debug|iPhone
		{45B5A41B-E0CC-4BF5-9E6C-B96FA4C76A48}.Debug|iPhone.Build.0 = Debug|iPhone
		{45B5A41B-E0CC-4BF5-9E6C-B96FA4C76A48}.Debug|iPhoneSimulator.ActiveCfg = Debug|iPhoneSimulator
		{45B5A41B-E0CC-4BF5-9E6C-B96FA4C76A48}.Debug|iPhoneSimulator.Build.0 = Debug|iPhoneSimulator
		{45B5A41B-E0CC-4BF5-9E6C-B96FA4C76A48}.Debug|Mixed Platforms.ActiveCfg = Debug|Any CPU
		{45B5A41B-E0CC-4BF5-9E6C-B96FA4C76A48}.Debug|Mixed Platforms.Build.0 = Debug|Any CPU
		{45B5A41B-E0CC-4BF5-9E6C-B96FA4C76A48}.Debug|UWP-ARM.ActiveCfg = Debug|UWP
		{45B5A41B-E0CC-4BF5-9E6C-B96FA4C76A48}.Debug|UWP-ARM.Build.0 = Debug|UWP
		{45B5A41B-E0CC-4BF5-9E6C-B96FA4C76A48}.Debug|UWP-x64.ActiveCfg = Debug|UWP
		{45B5A41B-E0CC-4BF5-9E6C-B96FA4C76A48}.Debug|UWP-x64.Build.0 = Debug|UWP
		{45B5A41B-E0CC-4BF5-9E6C-B96FA4C76A48}.Debug|UWP-x86.ActiveCfg = Debug|UWP
		{45B5A41B-E0CC-4BF5-9E6C-B96FA4C76A48}.Debug|UWP-x86.Build.0 = Debug|UWP
		{45B5A41B-E0CC-4BF5-9E6C-B96FA4C76A48}.Debug|Windows.ActiveCfg = Debug|Any CPU
		{45B5A41B-E0CC-4BF5-9E6C-B96FA4C76A48}.Debug|Windows.Build.0 = Debug|Any CPU
		{45B5A41B-E0CC-4BF5-9E6C-B96FA4C76A48}.Release|Android.ActiveCfg = Release|Android
		{45B5A41B-E0CC-4BF5-9E6C-B96FA4C76A48}.Release|Android.Build.0 = Release|Android
		{45B5A41B-E0CC-4BF5-9E6C-B96FA4C76A48}.Release|Any CPU.ActiveCfg = Release|Any CPU
		{45B5A41B-E0CC-4BF5-9E6C-B96FA4C76A48}.Release|Any CPU.Build.0 = Release|Any CPU
		{45B5A41B-E0CC-4BF5-9E6C-B96FA4C76A48}.Release|iPhone.ActiveCfg = Release|iPhone
		{45B5A41B-E0CC-4BF5-9E6C-B96FA4C76A48}.Release|iPhone.Build.0 = Release|iPhone
		{45B5A41B-E0CC-4BF5-9E6C-B96FA4C76A48}.Release|iPhoneSimulator.ActiveCfg = Release|iPhoneSimulator
		{45B5A41B-E0CC-4BF5-9E6C-B96FA4C76A48}.Release|iPhoneSimulator.Build.0 = Release|iPhoneSimulator
		{45B5A41B-E0CC-4BF5-9E6C-B96FA4C76A48}.Release|Mixed Platforms.ActiveCfg = Release|Any CPU
		{45B5A41B-E0CC-4BF5-9E6C-B96FA4C76A48}.Release|Mixed Platforms.Build.0 = Release|Any CPU
		{45B5A41B-E0CC-4BF5-9E6C-B96FA4C76A48}.Release|UWP-ARM.ActiveCfg = Release|UWP
		{45B5A41B-E0CC-4BF5-9E6C-B96FA4C76A48}.Release|UWP-ARM.Build.0 = Release|UWP
		{45B5A41B-E0CC-4BF5-9E6C-B96FA4C76A48}.Release|UWP-x64.ActiveCfg = Release|UWP
		{45B5A41B-E0CC-4BF5-9E6C-B96FA4C76A48}.Release|UWP-x64.Build.0 = Release|UWP
		{45B5A41B-E0CC-4BF5-9E6C-B96FA4C76A48}.Release|UWP-x86.ActiveCfg = Release|UWP
		{45B5A41B-E0CC-4BF5-9E6C-B96FA4C76A48}.Release|UWP-x86.Build.0 = Release|UWP
		{45B5A41B-E0CC-4BF5-9E6C-B96FA4C76A48}.Release|Windows.ActiveCfg = Release|Any CPU
		{45B5A41B-E0CC-4BF5-9E6C-B96FA4C76A48}.Release|Windows.Build.0 = Release|Any CPU
		{45B5A41B-E0CC-4BF5-9E6C-B96FA4C76A48}.Testing|Android.ActiveCfg = Testing|Android
		{45B5A41B-E0CC-4BF5-9E6C-B96FA4C76A48}.Testing|Android.Build.0 = Testing|Android
		{45B5A41B-E0CC-4BF5-9E6C-B96FA4C76A48}.Testing|Any CPU.ActiveCfg = Testing|Any CPU
		{45B5A41B-E0CC-4BF5-9E6C-B96FA4C76A48}.Testing|Any CPU.Build.0 = Testing|Any CPU
		{45B5A41B-E0CC-4BF5-9E6C-B96FA4C76A48}.Testing|iPhone.ActiveCfg = Testing|iPhone
		{45B5A41B-E0CC-4BF5-9E6C-B96FA4C76A48}.Testing|iPhone.Build.0 = Testing|iPhone
		{45B5A41B-E0CC-4BF5-9E6C-B96FA4C76A48}.Testing|iPhoneSimulator.ActiveCfg = Testing|iPhoneSimulator
		{45B5A41B-E0CC-4BF5-9E6C-B96FA4C76A48}.Testing|iPhoneSimulator.Build.0 = Testing|iPhoneSimulator
		{45B5A41B-E0CC-4BF5-9E6C-B96FA4C76A48}.Testing|Mixed Platforms.ActiveCfg = Testing|Any CPU
		{45B5A41B-E0CC-4BF5-9E6C-B96FA4C76A48}.Testing|Mixed Platforms.Build.0 = Testing|Any CPU
		{45B5A41B-E0CC-4BF5-9E6C-B96FA4C76A48}.Testing|UWP-ARM.ActiveCfg = Testing|UWP
		{45B5A41B-E0CC-4BF5-9E6C-B96FA4C76A48}.Testing|UWP-ARM.Build.0 = Testing|UWP
		{45B5A41B-E0CC-4BF5-9E6C-B96FA4C76A48}.Testing|UWP-x64.ActiveCfg = Testing|UWP
		{45B5A41B-E0CC-4BF5-9E6C-B96FA4C76A48}.Testing|UWP-x64.Build.0 = Testing|UWP
		{45B5A41B-E0CC-4BF5-9E6C-B96FA4C76A48}.Testing|UWP-x86.ActiveCfg = Testing|UWP
		{45B5A41B-E0CC-4BF5-9E6C-B96FA4C76A48}.Testing|UWP-x86.Build.0 = Testing|UWP
		{45B5A41B-E0CC-4BF5-9E6C-B96FA4C76A48}.Testing|Windows.ActiveCfg = Testing|Any CPU
		{45B5A41B-E0CC-4BF5-9E6C-B96FA4C76A48}.Testing|Windows.Build.0 = Testing|Any CPU
		{4A1EF34F-EFB5-41FB-8D6D-51A70F1DBCBB}.AppStore|Android.ActiveCfg = AppStore|x86
		{4A1EF34F-EFB5-41FB-8D6D-51A70F1DBCBB}.AppStore|Any CPU.ActiveCfg = AppStore|x86
		{4A1EF34F-EFB5-41FB-8D6D-51A70F1DBCBB}.AppStore|iPhone.ActiveCfg = AppStore|x86
		{4A1EF34F-EFB5-41FB-8D6D-51A70F1DBCBB}.AppStore|iPhoneSimulator.ActiveCfg = AppStore|x86
		{4A1EF34F-EFB5-41FB-8D6D-51A70F1DBCBB}.AppStore|Mixed Platforms.ActiveCfg = AppStore|x86
		{4A1EF34F-EFB5-41FB-8D6D-51A70F1DBCBB}.AppStore|Mixed Platforms.Build.0 = AppStore|x86
		{4A1EF34F-EFB5-41FB-8D6D-51A70F1DBCBB}.AppStore|Mixed Platforms.Deploy.0 = AppStore|x86
		{4A1EF34F-EFB5-41FB-8D6D-51A70F1DBCBB}.AppStore|UWP-ARM.ActiveCfg = AppStore|ARM
		{4A1EF34F-EFB5-41FB-8D6D-51A70F1DBCBB}.AppStore|UWP-ARM.Build.0 = AppStore|ARM
		{4A1EF34F-EFB5-41FB-8D6D-51A70F1DBCBB}.AppStore|UWP-ARM.Deploy.0 = AppStore|ARM
		{4A1EF34F-EFB5-41FB-8D6D-51A70F1DBCBB}.AppStore|UWP-x64.ActiveCfg = AppStore|x64
		{4A1EF34F-EFB5-41FB-8D6D-51A70F1DBCBB}.AppStore|UWP-x64.Build.0 = AppStore|x64
		{4A1EF34F-EFB5-41FB-8D6D-51A70F1DBCBB}.AppStore|UWP-x64.Deploy.0 = AppStore|x64
		{4A1EF34F-EFB5-41FB-8D6D-51A70F1DBCBB}.AppStore|UWP-x86.ActiveCfg = AppStore|x86
		{4A1EF34F-EFB5-41FB-8D6D-51A70F1DBCBB}.AppStore|UWP-x86.Build.0 = AppStore|x86
		{4A1EF34F-EFB5-41FB-8D6D-51A70F1DBCBB}.AppStore|UWP-x86.Deploy.0 = AppStore|x86
		{4A1EF34F-EFB5-41FB-8D6D-51A70F1DBCBB}.AppStore|Windows.ActiveCfg = AppStore|x86
		{4A1EF34F-EFB5-41FB-8D6D-51A70F1DBCBB}.CoreCLR_Debug|Android.ActiveCfg = Testing|x86
		{4A1EF34F-EFB5-41FB-8D6D-51A70F1DBCBB}.CoreCLR_Debug|Android.Build.0 = Testing|x86
		{4A1EF34F-EFB5-41FB-8D6D-51A70F1DBCBB}.CoreCLR_Debug|Android.Deploy.0 = Testing|x86
		{4A1EF34F-EFB5-41FB-8D6D-51A70F1DBCBB}.CoreCLR_Debug|Any CPU.ActiveCfg = Testing|x86
		{4A1EF34F-EFB5-41FB-8D6D-51A70F1DBCBB}.CoreCLR_Debug|Any CPU.Build.0 = Testing|x86
		{4A1EF34F-EFB5-41FB-8D6D-51A70F1DBCBB}.CoreCLR_Debug|Any CPU.Deploy.0 = Testing|x86
		{4A1EF34F-EFB5-41FB-8D6D-51A70F1DBCBB}.CoreCLR_Debug|iPhone.ActiveCfg = Testing|x86
		{4A1EF34F-EFB5-41FB-8D6D-51A70F1DBCBB}.CoreCLR_Debug|iPhone.Build.0 = Testing|x86
		{4A1EF34F-EFB5-41FB-8D6D-51A70F1DBCBB}.CoreCLR_Debug|iPhone.Deploy.0 = Testing|x86
		{4A1EF34F-EFB5-41FB-8D6D-51A70F1DBCBB}.CoreCLR_Debug|iPhoneSimulator.ActiveCfg = Testing|x86
		{4A1EF34F-EFB5-41FB-8D6D-51A70F1DBCBB}.CoreCLR_Debug|iPhoneSimulator.Build.0 = Testing|x86
		{4A1EF34F-EFB5-41FB-8D6D-51A70F1DBCBB}.CoreCLR_Debug|iPhoneSimulator.Deploy.0 = Testing|x86
		{4A1EF34F-EFB5-41FB-8D6D-51A70F1DBCBB}.CoreCLR_Debug|Mixed Platforms.ActiveCfg = Debug|x86
		{4A1EF34F-EFB5-41FB-8D6D-51A70F1DBCBB}.CoreCLR_Debug|Mixed Platforms.Build.0 = Debug|x86
		{4A1EF34F-EFB5-41FB-8D6D-51A70F1DBCBB}.CoreCLR_Debug|Mixed Platforms.Deploy.0 = Debug|x86
		{4A1EF34F-EFB5-41FB-8D6D-51A70F1DBCBB}.CoreCLR_Debug|UWP-ARM.ActiveCfg = Debug|ARM
		{4A1EF34F-EFB5-41FB-8D6D-51A70F1DBCBB}.CoreCLR_Debug|UWP-x64.ActiveCfg = Debug|x64
		{4A1EF34F-EFB5-41FB-8D6D-51A70F1DBCBB}.CoreCLR_Debug|UWP-x86.ActiveCfg = Debug|x86
		{4A1EF34F-EFB5-41FB-8D6D-51A70F1DBCBB}.CoreCLR_Debug|Windows.ActiveCfg = Testing|x86
		{4A1EF34F-EFB5-41FB-8D6D-51A70F1DBCBB}.CoreCLR_Debug|Windows.Build.0 = Testing|x86
		{4A1EF34F-EFB5-41FB-8D6D-51A70F1DBCBB}.CoreCLR_Debug|Windows.Deploy.0 = Testing|x86
		{4A1EF34F-EFB5-41FB-8D6D-51A70F1DBCBB}.CoreCLR_Release|Android.ActiveCfg = Testing|x86
		{4A1EF34F-EFB5-41FB-8D6D-51A70F1DBCBB}.CoreCLR_Release|Android.Build.0 = Testing|x86
		{4A1EF34F-EFB5-41FB-8D6D-51A70F1DBCBB}.CoreCLR_Release|Android.Deploy.0 = Testing|x86
		{4A1EF34F-EFB5-41FB-8D6D-51A70F1DBCBB}.CoreCLR_Release|Any CPU.ActiveCfg = Testing|x86
		{4A1EF34F-EFB5-41FB-8D6D-51A70F1DBCBB}.CoreCLR_Release|Any CPU.Build.0 = Testing|x86
		{4A1EF34F-EFB5-41FB-8D6D-51A70F1DBCBB}.CoreCLR_Release|Any CPU.Deploy.0 = Testing|x86
		{4A1EF34F-EFB5-41FB-8D6D-51A70F1DBCBB}.CoreCLR_Release|iPhone.ActiveCfg = Testing|x86
		{4A1EF34F-EFB5-41FB-8D6D-51A70F1DBCBB}.CoreCLR_Release|iPhone.Build.0 = Testing|x86
		{4A1EF34F-EFB5-41FB-8D6D-51A70F1DBCBB}.CoreCLR_Release|iPhone.Deploy.0 = Testing|x86
		{4A1EF34F-EFB5-41FB-8D6D-51A70F1DBCBB}.CoreCLR_Release|iPhoneSimulator.ActiveCfg = Testing|x86
		{4A1EF34F-EFB5-41FB-8D6D-51A70F1DBCBB}.CoreCLR_Release|iPhoneSimulator.Build.0 = Testing|x86
		{4A1EF34F-EFB5-41FB-8D6D-51A70F1DBCBB}.CoreCLR_Release|iPhoneSimulator.Deploy.0 = Testing|x86
		{4A1EF34F-EFB5-41FB-8D6D-51A70F1DBCBB}.CoreCLR_Release|Mixed Platforms.ActiveCfg = Release|x86
		{4A1EF34F-EFB5-41FB-8D6D-51A70F1DBCBB}.CoreCLR_Release|Mixed Platforms.Build.0 = Release|x86
		{4A1EF34F-EFB5-41FB-8D6D-51A70F1DBCBB}.CoreCLR_Release|Mixed Platforms.Deploy.0 = Release|x86
		{4A1EF34F-EFB5-41FB-8D6D-51A70F1DBCBB}.CoreCLR_Release|UWP-ARM.ActiveCfg = Debug|ARM
		{4A1EF34F-EFB5-41FB-8D6D-51A70F1DBCBB}.CoreCLR_Release|UWP-x64.ActiveCfg = Debug|x64
		{4A1EF34F-EFB5-41FB-8D6D-51A70F1DBCBB}.CoreCLR_Release|UWP-x86.ActiveCfg = Debug|x86
		{4A1EF34F-EFB5-41FB-8D6D-51A70F1DBCBB}.CoreCLR_Release|Windows.ActiveCfg = Testing|x86
		{4A1EF34F-EFB5-41FB-8D6D-51A70F1DBCBB}.CoreCLR_Release|Windows.Build.0 = Testing|x86
		{4A1EF34F-EFB5-41FB-8D6D-51A70F1DBCBB}.CoreCLR_Release|Windows.Deploy.0 = Testing|x86
		{4A1EF34F-EFB5-41FB-8D6D-51A70F1DBCBB}.Debug|Android.ActiveCfg = Debug|x86
		{4A1EF34F-EFB5-41FB-8D6D-51A70F1DBCBB}.Debug|Any CPU.ActiveCfg = Debug|x86
		{4A1EF34F-EFB5-41FB-8D6D-51A70F1DBCBB}.Debug|iPhone.ActiveCfg = Debug|x86
		{4A1EF34F-EFB5-41FB-8D6D-51A70F1DBCBB}.Debug|iPhoneSimulator.ActiveCfg = Debug|x86
		{4A1EF34F-EFB5-41FB-8D6D-51A70F1DBCBB}.Debug|Mixed Platforms.ActiveCfg = Debug|x86
		{4A1EF34F-EFB5-41FB-8D6D-51A70F1DBCBB}.Debug|Mixed Platforms.Build.0 = Debug|x86
		{4A1EF34F-EFB5-41FB-8D6D-51A70F1DBCBB}.Debug|Mixed Platforms.Deploy.0 = Debug|x86
		{4A1EF34F-EFB5-41FB-8D6D-51A70F1DBCBB}.Debug|UWP-ARM.ActiveCfg = Debug|ARM
		{4A1EF34F-EFB5-41FB-8D6D-51A70F1DBCBB}.Debug|UWP-ARM.Build.0 = Debug|ARM
		{4A1EF34F-EFB5-41FB-8D6D-51A70F1DBCBB}.Debug|UWP-ARM.Deploy.0 = Debug|ARM
		{4A1EF34F-EFB5-41FB-8D6D-51A70F1DBCBB}.Debug|UWP-x64.ActiveCfg = Debug|x64
		{4A1EF34F-EFB5-41FB-8D6D-51A70F1DBCBB}.Debug|UWP-x64.Build.0 = Debug|x64
		{4A1EF34F-EFB5-41FB-8D6D-51A70F1DBCBB}.Debug|UWP-x64.Deploy.0 = Debug|x64
		{4A1EF34F-EFB5-41FB-8D6D-51A70F1DBCBB}.Debug|UWP-x86.ActiveCfg = Debug|x86
		{4A1EF34F-EFB5-41FB-8D6D-51A70F1DBCBB}.Debug|UWP-x86.Build.0 = Debug|x86
		{4A1EF34F-EFB5-41FB-8D6D-51A70F1DBCBB}.Debug|UWP-x86.Deploy.0 = Debug|x86
		{4A1EF34F-EFB5-41FB-8D6D-51A70F1DBCBB}.Debug|Windows.ActiveCfg = Debug|x86
		{4A1EF34F-EFB5-41FB-8D6D-51A70F1DBCBB}.Release|Android.ActiveCfg = Release|x86
		{4A1EF34F-EFB5-41FB-8D6D-51A70F1DBCBB}.Release|Any CPU.ActiveCfg = Release|x86
		{4A1EF34F-EFB5-41FB-8D6D-51A70F1DBCBB}.Release|iPhone.ActiveCfg = Release|x86
		{4A1EF34F-EFB5-41FB-8D6D-51A70F1DBCBB}.Release|iPhoneSimulator.ActiveCfg = Release|x86
		{4A1EF34F-EFB5-41FB-8D6D-51A70F1DBCBB}.Release|Mixed Platforms.ActiveCfg = Release|x86
		{4A1EF34F-EFB5-41FB-8D6D-51A70F1DBCBB}.Release|Mixed Platforms.Build.0 = Release|x86
		{4A1EF34F-EFB5-41FB-8D6D-51A70F1DBCBB}.Release|Mixed Platforms.Deploy.0 = Release|x86
		{4A1EF34F-EFB5-41FB-8D6D-51A70F1DBCBB}.Release|UWP-ARM.ActiveCfg = Release|ARM
		{4A1EF34F-EFB5-41FB-8D6D-51A70F1DBCBB}.Release|UWP-ARM.Build.0 = Release|ARM
		{4A1EF34F-EFB5-41FB-8D6D-51A70F1DBCBB}.Release|UWP-ARM.Deploy.0 = Release|ARM
		{4A1EF34F-EFB5-41FB-8D6D-51A70F1DBCBB}.Release|UWP-x64.ActiveCfg = Release|x64
		{4A1EF34F-EFB5-41FB-8D6D-51A70F1DBCBB}.Release|UWP-x64.Build.0 = Release|x64
		{4A1EF34F-EFB5-41FB-8D6D-51A70F1DBCBB}.Release|UWP-x64.Deploy.0 = Release|x64
		{4A1EF34F-EFB5-41FB-8D6D-51A70F1DBCBB}.Release|UWP-x86.ActiveCfg = Release|x86
		{4A1EF34F-EFB5-41FB-8D6D-51A70F1DBCBB}.Release|UWP-x86.Build.0 = Release|x86
		{4A1EF34F-EFB5-41FB-8D6D-51A70F1DBCBB}.Release|UWP-x86.Deploy.0 = Release|x86
		{4A1EF34F-EFB5-41FB-8D6D-51A70F1DBCBB}.Release|Windows.ActiveCfg = Release|x86
		{4A1EF34F-EFB5-41FB-8D6D-51A70F1DBCBB}.Testing|Android.ActiveCfg = Testing|x86
		{4A1EF34F-EFB5-41FB-8D6D-51A70F1DBCBB}.Testing|Any CPU.ActiveCfg = Testing|x86
		{4A1EF34F-EFB5-41FB-8D6D-51A70F1DBCBB}.Testing|iPhone.ActiveCfg = Testing|x86
		{4A1EF34F-EFB5-41FB-8D6D-51A70F1DBCBB}.Testing|iPhoneSimulator.ActiveCfg = Testing|x86
		{4A1EF34F-EFB5-41FB-8D6D-51A70F1DBCBB}.Testing|Mixed Platforms.ActiveCfg = Testing|x86
		{4A1EF34F-EFB5-41FB-8D6D-51A70F1DBCBB}.Testing|Mixed Platforms.Build.0 = Testing|x86
		{4A1EF34F-EFB5-41FB-8D6D-51A70F1DBCBB}.Testing|Mixed Platforms.Deploy.0 = Testing|x86
		{4A1EF34F-EFB5-41FB-8D6D-51A70F1DBCBB}.Testing|UWP-ARM.ActiveCfg = Testing|ARM
		{4A1EF34F-EFB5-41FB-8D6D-51A70F1DBCBB}.Testing|UWP-ARM.Build.0 = Testing|ARM
		{4A1EF34F-EFB5-41FB-8D6D-51A70F1DBCBB}.Testing|UWP-ARM.Deploy.0 = Testing|ARM
		{4A1EF34F-EFB5-41FB-8D6D-51A70F1DBCBB}.Testing|UWP-x64.ActiveCfg = Testing|x64
		{4A1EF34F-EFB5-41FB-8D6D-51A70F1DBCBB}.Testing|UWP-x64.Build.0 = Testing|x64
		{4A1EF34F-EFB5-41FB-8D6D-51A70F1DBCBB}.Testing|UWP-x64.Deploy.0 = Testing|x64
		{4A1EF34F-EFB5-41FB-8D6D-51A70F1DBCBB}.Testing|UWP-x86.ActiveCfg = Testing|x86
		{4A1EF34F-EFB5-41FB-8D6D-51A70F1DBCBB}.Testing|UWP-x86.Build.0 = Testing|x86
		{4A1EF34F-EFB5-41FB-8D6D-51A70F1DBCBB}.Testing|UWP-x86.Deploy.0 = Testing|x86
		{4A1EF34F-EFB5-41FB-8D6D-51A70F1DBCBB}.Testing|Windows.ActiveCfg = Testing|x86
		{FC94676A-723B-46E3-AFB5-7B89A6240E5A}.AppStore|Android.ActiveCfg = AppStore|Android
		{FC94676A-723B-46E3-AFB5-7B89A6240E5A}.AppStore|Android.Build.0 = AppStore|Android
		{FC94676A-723B-46E3-AFB5-7B89A6240E5A}.AppStore|Android.Deploy.0 = AppStore|Android
		{FC94676A-723B-46E3-AFB5-7B89A6240E5A}.AppStore|Any CPU.ActiveCfg = AppStore|Android
		{FC94676A-723B-46E3-AFB5-7B89A6240E5A}.AppStore|iPhone.ActiveCfg = AppStore|Android
		{FC94676A-723B-46E3-AFB5-7B89A6240E5A}.AppStore|iPhoneSimulator.ActiveCfg = AppStore|Android
		{FC94676A-723B-46E3-AFB5-7B89A6240E5A}.AppStore|Mixed Platforms.ActiveCfg = AppStore|Android
		{FC94676A-723B-46E3-AFB5-7B89A6240E5A}.AppStore|UWP-ARM.ActiveCfg = AppStore|Android
		{FC94676A-723B-46E3-AFB5-7B89A6240E5A}.AppStore|UWP-x64.ActiveCfg = AppStore|Android
		{FC94676A-723B-46E3-AFB5-7B89A6240E5A}.AppStore|UWP-x86.ActiveCfg = AppStore|Android
		{FC94676A-723B-46E3-AFB5-7B89A6240E5A}.AppStore|Windows.ActiveCfg = AppStore|Android
		{FC94676A-723B-46E3-AFB5-7B89A6240E5A}.CoreCLR_Debug|Android.ActiveCfg = Debug|Android
		{FC94676A-723B-46E3-AFB5-7B89A6240E5A}.CoreCLR_Debug|Any CPU.ActiveCfg = Debug|Android
		{FC94676A-723B-46E3-AFB5-7B89A6240E5A}.CoreCLR_Debug|iPhone.ActiveCfg = Debug|Android
		{FC94676A-723B-46E3-AFB5-7B89A6240E5A}.CoreCLR_Debug|iPhoneSimulator.ActiveCfg = Debug|Android
		{FC94676A-723B-46E3-AFB5-7B89A6240E5A}.CoreCLR_Debug|Mixed Platforms.ActiveCfg = Debug|Android
		{FC94676A-723B-46E3-AFB5-7B89A6240E5A}.CoreCLR_Debug|UWP-ARM.ActiveCfg = Debug|Android
		{FC94676A-723B-46E3-AFB5-7B89A6240E5A}.CoreCLR_Debug|UWP-x64.ActiveCfg = Debug|Android
		{FC94676A-723B-46E3-AFB5-7B89A6240E5A}.CoreCLR_Debug|UWP-x86.ActiveCfg = Debug|Android
		{FC94676A-723B-46E3-AFB5-7B89A6240E5A}.CoreCLR_Debug|Windows.ActiveCfg = Debug|Android
		{FC94676A-723B-46E3-AFB5-7B89A6240E5A}.CoreCLR_Release|Android.ActiveCfg = Debug|Android
		{FC94676A-723B-46E3-AFB5-7B89A6240E5A}.CoreCLR_Release|Any CPU.ActiveCfg = Debug|Android
		{FC94676A-723B-46E3-AFB5-7B89A6240E5A}.CoreCLR_Release|iPhone.ActiveCfg = Debug|Android
		{FC94676A-723B-46E3-AFB5-7B89A6240E5A}.CoreCLR_Release|iPhoneSimulator.ActiveCfg = Debug|Android
		{FC94676A-723B-46E3-AFB5-7B89A6240E5A}.CoreCLR_Release|Mixed Platforms.ActiveCfg = Debug|Android
		{FC94676A-723B-46E3-AFB5-7B89A6240E5A}.CoreCLR_Release|UWP-ARM.ActiveCfg = Debug|Android
		{FC94676A-723B-46E3-AFB5-7B89A6240E5A}.CoreCLR_Release|UWP-x64.ActiveCfg = Debug|Android
		{FC94676A-723B-46E3-AFB5-7B89A6240E5A}.CoreCLR_Release|UWP-x86.ActiveCfg = Debug|Android
		{FC94676A-723B-46E3-AFB5-7B89A6240E5A}.CoreCLR_Release|Windows.ActiveCfg = Debug|Android
		{FC94676A-723B-46E3-AFB5-7B89A6240E5A}.Debug|Android.ActiveCfg = Debug|Android
		{FC94676A-723B-46E3-AFB5-7B89A6240E5A}.Debug|Android.Build.0 = Debug|Android
		{FC94676A-723B-46E3-AFB5-7B89A6240E5A}.Debug|Android.Deploy.0 = Debug|Android
		{FC94676A-723B-46E3-AFB5-7B89A6240E5A}.Debug|Any CPU.ActiveCfg = Debug|Android
		{FC94676A-723B-46E3-AFB5-7B89A6240E5A}.Debug|iPhone.ActiveCfg = Debug|Android
		{FC94676A-723B-46E3-AFB5-7B89A6240E5A}.Debug|iPhoneSimulator.ActiveCfg = Debug|Android
		{FC94676A-723B-46E3-AFB5-7B89A6240E5A}.Debug|Mixed Platforms.ActiveCfg = Debug|Android
		{FC94676A-723B-46E3-AFB5-7B89A6240E5A}.Debug|UWP-ARM.ActiveCfg = Debug|Android
		{FC94676A-723B-46E3-AFB5-7B89A6240E5A}.Debug|UWP-x64.ActiveCfg = Debug|Android
		{FC94676A-723B-46E3-AFB5-7B89A6240E5A}.Debug|UWP-x86.ActiveCfg = Debug|Android
		{FC94676A-723B-46E3-AFB5-7B89A6240E5A}.Debug|Windows.ActiveCfg = Debug|Android
		{FC94676A-723B-46E3-AFB5-7B89A6240E5A}.Release|Android.ActiveCfg = Release|Android
		{FC94676A-723B-46E3-AFB5-7B89A6240E5A}.Release|Android.Build.0 = Release|Android
		{FC94676A-723B-46E3-AFB5-7B89A6240E5A}.Release|Android.Deploy.0 = Release|Android
		{FC94676A-723B-46E3-AFB5-7B89A6240E5A}.Release|Any CPU.ActiveCfg = Release|Android
		{FC94676A-723B-46E3-AFB5-7B89A6240E5A}.Release|iPhone.ActiveCfg = Release|Android
		{FC94676A-723B-46E3-AFB5-7B89A6240E5A}.Release|iPhoneSimulator.ActiveCfg = Release|Android
		{FC94676A-723B-46E3-AFB5-7B89A6240E5A}.Release|Mixed Platforms.ActiveCfg = Release|Android
		{FC94676A-723B-46E3-AFB5-7B89A6240E5A}.Release|UWP-ARM.ActiveCfg = Release|Android
		{FC94676A-723B-46E3-AFB5-7B89A6240E5A}.Release|UWP-x64.ActiveCfg = Release|Android
		{FC94676A-723B-46E3-AFB5-7B89A6240E5A}.Release|UWP-x86.ActiveCfg = Release|Android
		{FC94676A-723B-46E3-AFB5-7B89A6240E5A}.Release|Windows.ActiveCfg = Release|Android
		{FC94676A-723B-46E3-AFB5-7B89A6240E5A}.Testing|Android.ActiveCfg = Testing|Android
		{FC94676A-723B-46E3-AFB5-7B89A6240E5A}.Testing|Android.Build.0 = Testing|Android
		{FC94676A-723B-46E3-AFB5-7B89A6240E5A}.Testing|Android.Deploy.0 = Testing|Android
		{FC94676A-723B-46E3-AFB5-7B89A6240E5A}.Testing|Any CPU.ActiveCfg = Testing|Android
		{FC94676A-723B-46E3-AFB5-7B89A6240E5A}.Testing|iPhone.ActiveCfg = Testing|Android
		{FC94676A-723B-46E3-AFB5-7B89A6240E5A}.Testing|iPhoneSimulator.ActiveCfg = Testing|Android
		{FC94676A-723B-46E3-AFB5-7B89A6240E5A}.Testing|Mixed Platforms.ActiveCfg = Testing|Android
		{FC94676A-723B-46E3-AFB5-7B89A6240E5A}.Testing|UWP-ARM.ActiveCfg = Testing|Android
		{FC94676A-723B-46E3-AFB5-7B89A6240E5A}.Testing|UWP-x64.ActiveCfg = Testing|Android
		{FC94676A-723B-46E3-AFB5-7B89A6240E5A}.Testing|UWP-x86.ActiveCfg = Testing|Android
		{FC94676A-723B-46E3-AFB5-7B89A6240E5A}.Testing|Windows.ActiveCfg = Testing|Android
		{C59AB609-5B31-41E2-91FA-B7F0595D340A}.AppStore|Android.ActiveCfg = AppStore|iPhone
		{C59AB609-5B31-41E2-91FA-B7F0595D340A}.AppStore|Any CPU.ActiveCfg = AppStore|iPhone
		{C59AB609-5B31-41E2-91FA-B7F0595D340A}.AppStore|iPhone.ActiveCfg = AppStore|iPhone
		{C59AB609-5B31-41E2-91FA-B7F0595D340A}.AppStore|iPhone.Build.0 = AppStore|iPhone
		{C59AB609-5B31-41E2-91FA-B7F0595D340A}.AppStore|iPhone.Deploy.0 = AppStore|iPhone
		{C59AB609-5B31-41E2-91FA-B7F0595D340A}.AppStore|iPhoneSimulator.ActiveCfg = AppStore|iPhoneSimulator
		{C59AB609-5B31-41E2-91FA-B7F0595D340A}.AppStore|iPhoneSimulator.Build.0 = AppStore|iPhoneSimulator
		{C59AB609-5B31-41E2-91FA-B7F0595D340A}.AppStore|iPhoneSimulator.Deploy.0 = AppStore|iPhoneSimulator
		{C59AB609-5B31-41E2-91FA-B7F0595D340A}.AppStore|Mixed Platforms.ActiveCfg = AppStore|iPhone
		{C59AB609-5B31-41E2-91FA-B7F0595D340A}.AppStore|UWP-ARM.ActiveCfg = AppStore|iPhone
		{C59AB609-5B31-41E2-91FA-B7F0595D340A}.AppStore|UWP-x64.ActiveCfg = AppStore|iPhone
		{C59AB609-5B31-41E2-91FA-B7F0595D340A}.AppStore|UWP-x86.ActiveCfg = AppStore|iPhone
		{C59AB609-5B31-41E2-91FA-B7F0595D340A}.AppStore|Windows.ActiveCfg = AppStore|iPhone
		{C59AB609-5B31-41E2-91FA-B7F0595D340A}.CoreCLR_Debug|Android.ActiveCfg = Debug|iPhone
		{C59AB609-5B31-41E2-91FA-B7F0595D340A}.CoreCLR_Debug|Any CPU.ActiveCfg = Debug|iPhone
		{C59AB609-5B31-41E2-91FA-B7F0595D340A}.CoreCLR_Debug|iPhone.ActiveCfg = Debug|iPhone
		{C59AB609-5B31-41E2-91FA-B7F0595D340A}.CoreCLR_Debug|iPhoneSimulator.ActiveCfg = Debug|iPhoneSimulator
		{C59AB609-5B31-41E2-91FA-B7F0595D340A}.CoreCLR_Debug|Mixed Platforms.ActiveCfg = Debug|iPhone
		{C59AB609-5B31-41E2-91FA-B7F0595D340A}.CoreCLR_Debug|UWP-ARM.ActiveCfg = Debug|iPhone
		{C59AB609-5B31-41E2-91FA-B7F0595D340A}.CoreCLR_Debug|UWP-x64.ActiveCfg = Debug|iPhone
		{C59AB609-5B31-41E2-91FA-B7F0595D340A}.CoreCLR_Debug|UWP-x86.ActiveCfg = Debug|iPhone
		{C59AB609-5B31-41E2-91FA-B7F0595D340A}.CoreCLR_Debug|Windows.ActiveCfg = Debug|iPhone
		{C59AB609-5B31-41E2-91FA-B7F0595D340A}.CoreCLR_Release|Android.ActiveCfg = Debug|iPhone
		{C59AB609-5B31-41E2-91FA-B7F0595D340A}.CoreCLR_Release|Any CPU.ActiveCfg = Debug|iPhone
		{C59AB609-5B31-41E2-91FA-B7F0595D340A}.CoreCLR_Release|iPhone.ActiveCfg = Debug|iPhone
		{C59AB609-5B31-41E2-91FA-B7F0595D340A}.CoreCLR_Release|iPhoneSimulator.ActiveCfg = Debug|iPhoneSimulator
		{C59AB609-5B31-41E2-91FA-B7F0595D340A}.CoreCLR_Release|Mixed Platforms.ActiveCfg = Debug|iPhone
		{C59AB609-5B31-41E2-91FA-B7F0595D340A}.CoreCLR_Release|UWP-ARM.ActiveCfg = Debug|iPhone
		{C59AB609-5B31-41E2-91FA-B7F0595D340A}.CoreCLR_Release|UWP-x64.ActiveCfg = Debug|iPhone
		{C59AB609-5B31-41E2-91FA-B7F0595D340A}.CoreCLR_Release|UWP-x86.ActiveCfg = Debug|iPhone
		{C59AB609-5B31-41E2-91FA-B7F0595D340A}.CoreCLR_Release|Windows.ActiveCfg = Debug|iPhone
		{C59AB609-5B31-41E2-91FA-B7F0595D340A}.Debug|Android.ActiveCfg = Debug|iPhone
		{C59AB609-5B31-41E2-91FA-B7F0595D340A}.Debug|Any CPU.ActiveCfg = Debug|iPhone
		{C59AB609-5B31-41E2-91FA-B7F0595D340A}.Debug|iPhone.ActiveCfg = Debug|iPhone
		{C59AB609-5B31-41E2-91FA-B7F0595D340A}.Debug|iPhone.Build.0 = Debug|iPhone
		{C59AB609-5B31-41E2-91FA-B7F0595D340A}.Debug|iPhone.Deploy.0 = Debug|iPhone
		{C59AB609-5B31-41E2-91FA-B7F0595D340A}.Debug|iPhoneSimulator.ActiveCfg = Debug|iPhoneSimulator
		{C59AB609-5B31-41E2-91FA-B7F0595D340A}.Debug|iPhoneSimulator.Build.0 = Debug|iPhoneSimulator
		{C59AB609-5B31-41E2-91FA-B7F0595D340A}.Debug|iPhoneSimulator.Deploy.0 = Debug|iPhoneSimulator
		{C59AB609-5B31-41E2-91FA-B7F0595D340A}.Debug|Mixed Platforms.ActiveCfg = Debug|iPhone
		{C59AB609-5B31-41E2-91FA-B7F0595D340A}.Debug|UWP-ARM.ActiveCfg = Debug|iPhone
		{C59AB609-5B31-41E2-91FA-B7F0595D340A}.Debug|UWP-x64.ActiveCfg = Debug|iPhone
		{C59AB609-5B31-41E2-91FA-B7F0595D340A}.Debug|UWP-x86.ActiveCfg = Debug|iPhone
		{C59AB609-5B31-41E2-91FA-B7F0595D340A}.Debug|Windows.ActiveCfg = Debug|iPhone
		{C59AB609-5B31-41E2-91FA-B7F0595D340A}.Release|Android.ActiveCfg = Release|iPhone
		{C59AB609-5B31-41E2-91FA-B7F0595D340A}.Release|Any CPU.ActiveCfg = Release|iPhone
		{C59AB609-5B31-41E2-91FA-B7F0595D340A}.Release|iPhone.ActiveCfg = Release|iPhone
		{C59AB609-5B31-41E2-91FA-B7F0595D340A}.Release|iPhone.Build.0 = Release|iPhone
		{C59AB609-5B31-41E2-91FA-B7F0595D340A}.Release|iPhone.Deploy.0 = Release|iPhone
		{C59AB609-5B31-41E2-91FA-B7F0595D340A}.Release|iPhoneSimulator.ActiveCfg = Release|iPhoneSimulator
		{C59AB609-5B31-41E2-91FA-B7F0595D340A}.Release|iPhoneSimulator.Build.0 = Release|iPhoneSimulator
		{C59AB609-5B31-41E2-91FA-B7F0595D340A}.Release|iPhoneSimulator.Deploy.0 = Release|iPhoneSimulator
		{C59AB609-5B31-41E2-91FA-B7F0595D340A}.Release|Mixed Platforms.ActiveCfg = Release|iPhone
		{C59AB609-5B31-41E2-91FA-B7F0595D340A}.Release|UWP-ARM.ActiveCfg = Release|iPhone
		{C59AB609-5B31-41E2-91FA-B7F0595D340A}.Release|UWP-x64.ActiveCfg = Release|iPhone
		{C59AB609-5B31-41E2-91FA-B7F0595D340A}.Release|UWP-x86.ActiveCfg = Release|iPhone
		{C59AB609-5B31-41E2-91FA-B7F0595D340A}.Release|Windows.ActiveCfg = Release|iPhone
		{C59AB609-5B31-41E2-91FA-B7F0595D340A}.Testing|Android.ActiveCfg = Testing|iPhone
		{C59AB609-5B31-41E2-91FA-B7F0595D340A}.Testing|Any CPU.ActiveCfg = Testing|iPhone
		{C59AB609-5B31-41E2-91FA-B7F0595D340A}.Testing|iPhone.ActiveCfg = Testing|iPhone
		{C59AB609-5B31-41E2-91FA-B7F0595D340A}.Testing|iPhone.Build.0 = Testing|iPhone
		{C59AB609-5B31-41E2-91FA-B7F0595D340A}.Testing|iPhone.Deploy.0 = Testing|iPhone
		{C59AB609-5B31-41E2-91FA-B7F0595D340A}.Testing|iPhoneSimulator.ActiveCfg = Testing|iPhoneSimulator
		{C59AB609-5B31-41E2-91FA-B7F0595D340A}.Testing|iPhoneSimulator.Build.0 = Testing|iPhoneSimulator
		{C59AB609-5B31-41E2-91FA-B7F0595D340A}.Testing|iPhoneSimulator.Deploy.0 = Testing|iPhoneSimulator
		{C59AB609-5B31-41E2-91FA-B7F0595D340A}.Testing|Mixed Platforms.ActiveCfg = Testing|iPhone
		{C59AB609-5B31-41E2-91FA-B7F0595D340A}.Testing|UWP-ARM.ActiveCfg = Testing|iPhone
		{C59AB609-5B31-41E2-91FA-B7F0595D340A}.Testing|UWP-x64.ActiveCfg = Testing|iPhone
		{C59AB609-5B31-41E2-91FA-B7F0595D340A}.Testing|UWP-x86.ActiveCfg = Testing|iPhone
		{C59AB609-5B31-41E2-91FA-B7F0595D340A}.Testing|Windows.ActiveCfg = Testing|iPhone
	EndGlobalSection
	GlobalSection(SolutionProperties) = preSolution
		HideSolutionNode = FALSE
	EndGlobalSection
	GlobalSection(NestedProjects) = preSolution
		{CB257704-7E3A-4269-A216-5460FDA98EBD} = {1BEF2A7F-41AE-4921-91D2-06338F611B8C}
		{45B5A41B-E0CC-4BF5-9E6C-B96FA4C76A48} = {1BEF2A7F-41AE-4921-91D2-06338F611B8C}
		{4A1EF34F-EFB5-41FB-8D6D-51A70F1DBCBB} = {1BEF2A7F-41AE-4921-91D2-06338F611B8C}
		{FC94676A-723B-46E3-AFB5-7B89A6240E5A} = {1BEF2A7F-41AE-4921-91D2-06338F611B8C}
		{C59AB609-5B31-41E2-91FA-B7F0595D340A} = {1BEF2A7F-41AE-4921-91D2-06338F611B8C}
	EndGlobalSection
EndGlobal
